
Microsoft Visual Studio Solution File, Format Version 12.00
# Visual Studio Version 17
VisualStudioVersion = 17.9.34414.90
MinimumVisualStudioVersion = 10.0.40219.1
Project("{9A19103F-16F7-4668-BE54-9A1E7A4F7556}") = "Ultra_Launcher", "Ultra_Launcher.csproj", "{A925145F-1C04-4050-AC18-52A5E998BE18}"
EndProject
Project("{FAE04EC0-301F-11D3-BF4B-00C04F79EFBC}") = "Ultra_LauncherTests", "..\Ultra_LauncherTests\Ultra_LauncherTests.csproj", "{20BE4F76-047A-4C1D-8967-42E5ADAAE003}"
EndProject
Global
	GlobalSection(SolutionConfigurationPlatforms) = preSolution
		Debug|Any CPU = Debug|Any CPU
		Release|Any CPU = Release|Any CPU
	EndGlobalSection
	GlobalSection(ProjectConfigurationPlatforms) = postSolution
		{A925145F-1C04-4050-AC18-52A5E998BE18}.Debug|Any CPU.ActiveCfg = Debug|Any CPU
		{A925145F-1C04-4050-AC18-52A5E998BE18}.Debug|Any CPU.Build.0 = Debug|Any CPU
		{A925145F-1C04-4050-AC18-52A5E998BE18}.Release|Any CPU.ActiveCfg = Release|Any CPU
		{A925145F-1C04-4050-AC18-52A5E998BE18}.Release|Any CPU.Build.0 = Release|Any CPU
		{20BE4F76-047A-4C1D-8967-42E5ADAAE003}.Debug|Any CPU.ActiveCfg = Debug|Any CPU
		{20BE4F76-047A-4C1D-8967-42E5ADAAE003}.Debug|Any CPU.Build.0 = Debug|Any CPU
		{20BE4F76-047A-4C1D-8967-42E5ADAAE003}.Release|Any CPU.ActiveCfg = Release|Any CPU
		{20BE4F76-047A-4C1D-8967-42E5ADAAE003}.Release|Any CPU.Build.0 = Release|Any CPU
	EndGlobalSection
	GlobalSection(SolutionProperties) = preSolution
		HideSolutionNode = FALSE
	EndGlobalSection
	GlobalSection(ExtensibilityGlobals) = postSolution
		SolutionGuid = {207F1A49-21E4-49AA-906C-42356190FEB5}
	EndGlobalSection
EndGlobal
